
Microsoft Visual Studio Solution File, Format Version 12.00
# Visual Studio Version 17
VisualStudioVersion = 17.11.35312.102
MinimumVisualStudioVersion = 10.0.40219.1
Project("{FAE04EC0-301F-11D3-BF4B-00C04F79EFBC}") = "R61_M3_Class_17_Work_01", "R61_M3_Class_17_Work_01\R61_M3_Class_17_Work_01.csproj", "{559BA14F-9C9D-457B-A714-7F1938BB4BA3}"
EndProject
Project("{FAE04EC0-301F-11D3-BF4B-00C04F79EFBC}") = "R61_M3_Class_17_Work_02", "R61_M3_Class_17_Work_02\R61_M3_Class_17_Work_02.csproj", "{59E8A461-D670-4BAA-9486-89D871E31A71}"
EndProject
Project("{FAE04EC0-301F-11D3-BF4B-00C04F79EFBC}") = "R61_M3_Class_17_Work_03", "R61_M3_Class_17_Work_03\R61_M3_Class_17_Work_03.csproj", "{03D0C824-7250-4FF8-8FEF-BA70A56F6A5F}"
EndProject
Global
	GlobalSection(SolutionConfigurationPlatforms) = preSolution
		Debug|Any CPU = Debug|Any CPU
		Release|Any CPU = Release|Any CPU
	EndGlobalSection
	GlobalSection(ProjectConfigurationPlatforms) = postSolution
		{559BA14F-9C9D-457B-A714-7F1938BB4BA3}.Debug|Any CPU.ActiveCfg = Debug|Any CPU
		{559BA14F-9C9D-457B-A714-7F1938BB4BA3}.Debug|Any CPU.Build.0 = Debug|Any CPU
		{559BA14F-9C9D-457B-A714-7F1938BB4BA3}.Release|Any CPU.ActiveCfg = Release|Any CPU
		{559BA14F-9C9D-457B-A714-7F1938BB4BA3}.Release|Any CPU.Build.0 = Release|Any CPU
		{59E8A461-D670-4BAA-9486-89D871E31A71}.Debug|Any CPU.ActiveCfg = Debug|Any CPU
		{59E8A461-D670-4BAA-9486-89D871E31A71}.Debug|Any CPU.Build.0 = Debug|Any CPU
		{59E8A461-D670-4BAA-9486-89D871E31A71}.Release|Any CPU.ActiveCfg = Release|Any CPU
		{59E8A461-D670-4BAA-9486-89D871E31A71}.Release|Any CPU.Build.0 = Release|Any CPU
		{03D0C824-7250-4FF8-8FEF-BA70A56F6A5F}.Debug|Any CPU.ActiveCfg = Debug|Any CPU
		{03D0C824-7250-4FF8-8FEF-BA70A56F6A5F}.Debug|Any CPU.Build.0 = Debug|Any CPU
		{03D0C824-7250-4FF8-8FEF-BA70A56F6A5F}.Release|Any CPU.ActiveCfg = Release|Any CPU
		{03D0C824-7250-4FF8-8FEF-BA70A56F6A5F}.Release|Any CPU.Build.0 = Release|Any CPU
	EndGlobalSection
	GlobalSection(SolutionProperties) = preSolution
		HideSolutionNode = FALSE
	EndGlobalSection
	GlobalSection(ExtensibilityGlobals) = postSolution
		SolutionGuid = {082D421A-9BDE-46AB-8659-5F13B54F2412}
	EndGlobalSection
EndGlobal
