
Microsoft Visual Studio Solution File, Format Version 12.00
# Visual Studio Version 17
VisualStudioVersion = 17.11.35312.102
MinimumVisualStudioVersion = 10.0.40219.1
Project("{FAE04EC0-301F-11D3-BF4B-00C04F79EFBC}") = "R61_M3_Class_25_Work_01", "R61_M3_Class_25_Work_01\R61_M3_Class_25_Work_01.csproj", "{C9946C0D-304F-43F4-A0B3-9E79FD05037C}"
EndProject
Project("{FAE04EC0-301F-11D3-BF4B-00C04F79EFBC}") = "R61_M3_Class_25_Work_02", "R61_M3_Class_25_Work_02\R61_M3_Class_25_Work_02.csproj", "{B8D4A0EB-AE9B-4779-BC64-52723856530F}"
EndProject
Project("{FAE04EC0-301F-11D3-BF4B-00C04F79EFBC}") = "R61_M3_Class_25_Work_03", "R61_M3_Class_25_Work_03\R61_M3_Class_25_Work_03.csproj", "{56A0421D-CDB8-40A7-8671-72EE6800A904}"
EndProject
Global
	GlobalSection(SolutionConfigurationPlatforms) = preSolution
		Debug|Any CPU = Debug|Any CPU
		Release|Any CPU = Release|Any CPU
	EndGlobalSection
	GlobalSection(ProjectConfigurationPlatforms) = postSolution
		{C9946C0D-304F-43F4-A0B3-9E79FD05037C}.Debug|Any CPU.ActiveCfg = Debug|Any CPU
		{C9946C0D-304F-43F4-A0B3-9E79FD05037C}.Debug|Any CPU.Build.0 = Debug|Any CPU
		{C9946C0D-304F-43F4-A0B3-9E79FD05037C}.Release|Any CPU.ActiveCfg = Release|Any CPU
		{C9946C0D-304F-43F4-A0B3-9E79FD05037C}.Release|Any CPU.Build.0 = Release|Any CPU
		{B8D4A0EB-AE9B-4779-BC64-52723856530F}.Debug|Any CPU.ActiveCfg = Debug|Any CPU
		{B8D4A0EB-AE9B-4779-BC64-52723856530F}.Debug|Any CPU.Build.0 = Debug|Any CPU
		{B8D4A0EB-AE9B-4779-BC64-52723856530F}.Release|Any CPU.ActiveCfg = Release|Any CPU
		{B8D4A0EB-AE9B-4779-BC64-52723856530F}.Release|Any CPU.Build.0 = Release|Any CPU
		{56A0421D-CDB8-40A7-8671-72EE6800A904}.Debug|Any CPU.ActiveCfg = Debug|Any CPU
		{56A0421D-CDB8-40A7-8671-72EE6800A904}.Debug|Any CPU.Build.0 = Debug|Any CPU
		{56A0421D-CDB8-40A7-8671-72EE6800A904}.Release|Any CPU.ActiveCfg = Release|Any CPU
		{56A0421D-CDB8-40A7-8671-72EE6800A904}.Release|Any CPU.Build.0 = Release|Any CPU
	EndGlobalSection
	GlobalSection(SolutionProperties) = preSolution
		HideSolutionNode = FALSE
	EndGlobalSection
	GlobalSection(ExtensibilityGlobals) = postSolution
		SolutionGuid = {BAC31E32-FFC1-47CF-9B6A-0A31422EBFED}
	EndGlobalSection
EndGlobal
