
Microsoft Visual Studio Solution File, Format Version 12.00
# Visual Studio Version 17
VisualStudioVersion = 17.11.35222.181
MinimumVisualStudioVersion = 10.0.40219.1
Project("{FAE04EC0-301F-11D3-BF4B-00C04F79EFBC}") = "R61_M3_Class_09_Work_01", "R61_M3_Class_09_Work_01\R61_M3_Class_09_Work_01.csproj", "{1B1D5731-9ACE-40C4-A512-86400065126E}"
EndProject
Project("{FAE04EC0-301F-11D3-BF4B-00C04F79EFBC}") = "R61_M3_Class_09_Work_02", "R61_M3_Class_09_Work_02\R61_M3_Class_09_Work_02.csproj", "{420CD139-BB59-4EDA-9E97-EC23DA3316D8}"
EndProject
Project("{FAE04EC0-301F-11D3-BF4B-00C04F79EFBC}") = "R61_M3_Class_09_Work_03", "R61_M3_Class_09_Work_03\R61_M3_Class_09_Work_03.csproj", "{0CD0C0FC-5780-46F2-8A64-223790CF7502}"
EndProject
Global
	GlobalSection(SolutionConfigurationPlatforms) = preSolution
		Debug|Any CPU = Debug|Any CPU
		Release|Any CPU = Release|Any CPU
	EndGlobalSection
	GlobalSection(ProjectConfigurationPlatforms) = postSolution
		{1B1D5731-9ACE-40C4-A512-86400065126E}.Debug|Any CPU.ActiveCfg = Debug|Any CPU
		{1B1D5731-9ACE-40C4-A512-86400065126E}.Debug|Any CPU.Build.0 = Debug|Any CPU
		{1B1D5731-9ACE-40C4-A512-86400065126E}.Release|Any CPU.ActiveCfg = Release|Any CPU
		{1B1D5731-9ACE-40C4-A512-86400065126E}.Release|Any CPU.Build.0 = Release|Any CPU
		{420CD139-BB59-4EDA-9E97-EC23DA3316D8}.Debug|Any CPU.ActiveCfg = Debug|Any CPU
		{420CD139-BB59-4EDA-9E97-EC23DA3316D8}.Debug|Any CPU.Build.0 = Debug|Any CPU
		{420CD139-BB59-4EDA-9E97-EC23DA3316D8}.Release|Any CPU.ActiveCfg = Release|Any CPU
		{420CD139-BB59-4EDA-9E97-EC23DA3316D8}.Release|Any CPU.Build.0 = Release|Any CPU
		{0CD0C0FC-5780-46F2-8A64-223790CF7502}.Debug|Any CPU.ActiveCfg = Debug|Any CPU
		{0CD0C0FC-5780-46F2-8A64-223790CF7502}.Debug|Any CPU.Build.0 = Debug|Any CPU
		{0CD0C0FC-5780-46F2-8A64-223790CF7502}.Release|Any CPU.ActiveCfg = Release|Any CPU
		{0CD0C0FC-5780-46F2-8A64-223790CF7502}.Release|Any CPU.Build.0 = Release|Any CPU
	EndGlobalSection
	GlobalSection(SolutionProperties) = preSolution
		HideSolutionNode = FALSE
	EndGlobalSection
	GlobalSection(ExtensibilityGlobals) = postSolution
		SolutionGuid = {43B46FE1-A1B3-4577-97AE-A0CDD492D327}
	EndGlobalSection
EndGlobal
