
Microsoft Visual Studio Solution File, Format Version 12.00
# Visual Studio Version 17
VisualStudioVersion = 17.12.35506.116 d17.12
MinimumVisualStudioVersion = 10.0.40219.1
Project("{FAE04EC0-301F-11D3-BF4B-00C04F79EFBC}") = "Final Project_API", "Final Project_API\Final Project_API.csproj", "{0A10C390-6D8B-4603-85BD-8CF0A3699CEF}"
EndProject
Project("{FAE04EC0-301F-11D3-BF4B-00C04F79EFBC}") = "Final Project_CORE", "Final Project_CORE\Final Project_CORE.csproj", "{B1615A2F-3E86-470F-883C-8693874D8056}"
EndProject
Global
	GlobalSection(SolutionConfigurationPlatforms) = preSolution
		Debug|Any CPU = Debug|Any CPU
		Release|Any CPU = Release|Any CPU
	EndGlobalSection
	GlobalSection(ProjectConfigurationPlatforms) = postSolution
		{0A10C390-6D8B-4603-85BD-8CF0A3699CEF}.Debug|Any CPU.ActiveCfg = Debug|Any CPU
		{0A10C390-6D8B-4603-85BD-8CF0A3699CEF}.Debug|Any CPU.Build.0 = Debug|Any CPU
		{0A10C390-6D8B-4603-85BD-8CF0A3699CEF}.Release|Any CPU.ActiveCfg = Release|Any CPU
		{0A10C390-6D8B-4603-85BD-8CF0A3699CEF}.Release|Any CPU.Build.0 = Release|Any CPU
		{B1615A2F-3E86-470F-883C-8693874D8056}.Debug|Any CPU.ActiveCfg = Debug|Any CPU
		{B1615A2F-3E86-470F-883C-8693874D8056}.Debug|Any CPU.Build.0 = Debug|Any CPU
		{B1615A2F-3E86-470F-883C-8693874D8056}.Release|Any CPU.ActiveCfg = Release|Any CPU
		{B1615A2F-3E86-470F-883C-8693874D8056}.Release|Any CPU.Build.0 = Release|Any CPU
	EndGlobalSection
	GlobalSection(SolutionProperties) = preSolution
		HideSolutionNode = FALSE
	EndGlobalSection
EndGlobal
