
Microsoft Visual Studio Solution File, Format Version 12.00
# Visual Studio Version 17
VisualStudioVersion = 17.11.35312.102
MinimumVisualStudioVersion = 10.0.40219.1
Project("{FAE04EC0-301F-11D3-BF4B-00C04F79EFBC}") = "R61_M3_Class_15_Work_01", "R61_M3_Class_15_Work_01\R61_M3_Class_15_Work_01.csproj", "{3034316D-25E8-460C-A3CB-048B8C8F0436}"
EndProject
Project("{FAE04EC0-301F-11D3-BF4B-00C04F79EFBC}") = "R61_M3_Class_15_Work_02", "R61_M3_Class_15_Work_02\R61_M3_Class_15_Work_02.csproj", "{C00F62C6-BC2F-49C5-86C9-34BAB8148C33}"
EndProject
Project("{FAE04EC0-301F-11D3-BF4B-00C04F79EFBC}") = "R61_M3_Class_15_Work_03", "R61_M3_Class_15_Work_03\R61_M3_Class_15_Work_03.csproj", "{4AABD92B-586B-4441-9BDE-AD367F60A21D}"
EndProject
Project("{FAE04EC0-301F-11D3-BF4B-00C04F79EFBC}") = "R61_M3_Class_15_Work_04", "R61_M3_Class_15_Work_04\R61_M3_Class_15_Work_04.csproj", "{7F1985FF-E42A-4794-AF6D-79B373DE587F}"
EndProject
Project("{FAE04EC0-301F-11D3-BF4B-00C04F79EFBC}") = "R61_M3_Class_15_Work_05", "R61_M3_Class_15_Work_05\R61_M3_Class_15_Work_05.csproj", "{5809F367-1269-4AB7-8061-96B11E828508}"
EndProject
Global
	GlobalSection(SolutionConfigurationPlatforms) = preSolution
		Debug|Any CPU = Debug|Any CPU
		Release|Any CPU = Release|Any CPU
	EndGlobalSection
	GlobalSection(ProjectConfigurationPlatforms) = postSolution
		{3034316D-25E8-460C-A3CB-048B8C8F0436}.Debug|Any CPU.ActiveCfg = Debug|Any CPU
		{3034316D-25E8-460C-A3CB-048B8C8F0436}.Debug|Any CPU.Build.0 = Debug|Any CPU
		{3034316D-25E8-460C-A3CB-048B8C8F0436}.Release|Any CPU.ActiveCfg = Release|Any CPU
		{3034316D-25E8-460C-A3CB-048B8C8F0436}.Release|Any CPU.Build.0 = Release|Any CPU
		{C00F62C6-BC2F-49C5-86C9-34BAB8148C33}.Debug|Any CPU.ActiveCfg = Debug|Any CPU
		{C00F62C6-BC2F-49C5-86C9-34BAB8148C33}.Debug|Any CPU.Build.0 = Debug|Any CPU
		{C00F62C6-BC2F-49C5-86C9-34BAB8148C33}.Release|Any CPU.ActiveCfg = Release|Any CPU
		{C00F62C6-BC2F-49C5-86C9-34BAB8148C33}.Release|Any CPU.Build.0 = Release|Any CPU
		{4AABD92B-586B-4441-9BDE-AD367F60A21D}.Debug|Any CPU.ActiveCfg = Debug|Any CPU
		{4AABD92B-586B-4441-9BDE-AD367F60A21D}.Debug|Any CPU.Build.0 = Debug|Any CPU
		{4AABD92B-586B-4441-9BDE-AD367F60A21D}.Release|Any CPU.ActiveCfg = Release|Any CPU
		{4AABD92B-586B-4441-9BDE-AD367F60A21D}.Release|Any CPU.Build.0 = Release|Any CPU
		{7F1985FF-E42A-4794-AF6D-79B373DE587F}.Debug|Any CPU.ActiveCfg = Debug|Any CPU
		{7F1985FF-E42A-4794-AF6D-79B373DE587F}.Debug|Any CPU.Build.0 = Debug|Any CPU
		{7F1985FF-E42A-4794-AF6D-79B373DE587F}.Release|Any CPU.ActiveCfg = Release|Any CPU
		{7F1985FF-E42A-4794-AF6D-79B373DE587F}.Release|Any CPU.Build.0 = Release|Any CPU
		{5809F367-1269-4AB7-8061-96B11E828508}.Debug|Any CPU.ActiveCfg = Debug|Any CPU
		{5809F367-1269-4AB7-8061-96B11E828508}.Debug|Any CPU.Build.0 = Debug|Any CPU
		{5809F367-1269-4AB7-8061-96B11E828508}.Release|Any CPU.ActiveCfg = Release|Any CPU
		{5809F367-1269-4AB7-8061-96B11E828508}.Release|Any CPU.Build.0 = Release|Any CPU
	EndGlobalSection
	GlobalSection(SolutionProperties) = preSolution
		HideSolutionNode = FALSE
	EndGlobalSection
	GlobalSection(ExtensibilityGlobals) = postSolution
		SolutionGuid = {0F3F0DB8-095E-4E20-BF62-1B6FC4F88778}
	EndGlobalSection
EndGlobal
