
Microsoft Visual Studio Solution File, Format Version 12.00
# Visual Studio Version 17
VisualStudioVersion = 17.11.35312.102
MinimumVisualStudioVersion = 10.0.40219.1
Project("{FAE04EC0-301F-11D3-BF4B-00C04F79EFBC}") = "R61_M3_Class_23_Work_01", "R61_M3_Class_23_Work_01\R61_M3_Class_23_Work_01.csproj", "{2D868477-1A70-458F-9503-B16A35A6A985}"
EndProject
Project("{FAE04EC0-301F-11D3-BF4B-00C04F79EFBC}") = "R61_M3_Class_23_Work_2", "R61_M3_Class_23_Work_2\R61_M3_Class_23_Work_2.csproj", "{71983CA3-EA36-4988-898C-2DD5AC824298}"
EndProject
Project("{FAE04EC0-301F-11D3-BF4B-00C04F79EFBC}") = "R61_M3_Class_23_Work_03", "R61_M3_Class_23_Work_03\R61_M3_Class_23_Work_03.csproj", "{5CCA9679-035E-4FAD-806E-DD271E59DD85}"
EndProject
Global
	GlobalSection(SolutionConfigurationPlatforms) = preSolution
		Debug|Any CPU = Debug|Any CPU
		Release|Any CPU = Release|Any CPU
	EndGlobalSection
	GlobalSection(ProjectConfigurationPlatforms) = postSolution
		{2D868477-1A70-458F-9503-B16A35A6A985}.Debug|Any CPU.ActiveCfg = Debug|Any CPU
		{2D868477-1A70-458F-9503-B16A35A6A985}.Debug|Any CPU.Build.0 = Debug|Any CPU
		{2D868477-1A70-458F-9503-B16A35A6A985}.Release|Any CPU.ActiveCfg = Release|Any CPU
		{2D868477-1A70-458F-9503-B16A35A6A985}.Release|Any CPU.Build.0 = Release|Any CPU
		{71983CA3-EA36-4988-898C-2DD5AC824298}.Debug|Any CPU.ActiveCfg = Debug|Any CPU
		{71983CA3-EA36-4988-898C-2DD5AC824298}.Debug|Any CPU.Build.0 = Debug|Any CPU
		{71983CA3-EA36-4988-898C-2DD5AC824298}.Release|Any CPU.ActiveCfg = Release|Any CPU
		{71983CA3-EA36-4988-898C-2DD5AC824298}.Release|Any CPU.Build.0 = Release|Any CPU
		{5CCA9679-035E-4FAD-806E-DD271E59DD85}.Debug|Any CPU.ActiveCfg = Debug|Any CPU
		{5CCA9679-035E-4FAD-806E-DD271E59DD85}.Debug|Any CPU.Build.0 = Debug|Any CPU
		{5CCA9679-035E-4FAD-806E-DD271E59DD85}.Release|Any CPU.ActiveCfg = Release|Any CPU
		{5CCA9679-035E-4FAD-806E-DD271E59DD85}.Release|Any CPU.Build.0 = Release|Any CPU
	EndGlobalSection
	GlobalSection(SolutionProperties) = preSolution
		HideSolutionNode = FALSE
	EndGlobalSection
	GlobalSection(ExtensibilityGlobals) = postSolution
		SolutionGuid = {7A91A34F-40CD-4F91-B87F-02D2E4C97E77}
	EndGlobalSection
EndGlobal
