
Microsoft Visual Studio Solution File, Format Version 12.00
# Visual Studio Version 17
VisualStudioVersion = 17.12.35506.116 d17.12
MinimumVisualStudioVersion = 10.0.40219.1
Project("{FAE04EC0-301F-11D3-BF4B-00C04F79EFBC}") = "R61M9C7_CRUD", "R61M9C7_CRUD\R61M9C7_CRUD.csproj", "{AE3B636C-A449-4763-A847-921150C4BC94}"
EndProject
Project("{FAE04EC0-301F-11D3-BF4B-00C04F79EFBC}") = "R61M9C7_Empty", "R61M9C7_Empty\R61M9C7_Empty.csproj", "{8DC239C6-00E2-4E50-B799-4C5825B0525F}"
EndProject
Global
	GlobalSection(SolutionConfigurationPlatforms) = preSolution
		Debug|Any CPU = Debug|Any CPU
		Release|Any CPU = Release|Any CPU
	EndGlobalSection
	GlobalSection(ProjectConfigurationPlatforms) = postSolution
		{AE3B636C-A449-4763-A847-921150C4BC94}.Debug|Any CPU.ActiveCfg = Debug|Any CPU
		{AE3B636C-A449-4763-A847-921150C4BC94}.Debug|Any CPU.Build.0 = Debug|Any CPU
		{AE3B636C-A449-4763-A847-921150C4BC94}.Release|Any CPU.ActiveCfg = Release|Any CPU
		{AE3B636C-A449-4763-A847-921150C4BC94}.Release|Any CPU.Build.0 = Release|Any CPU
		{8DC239C6-00E2-4E50-B799-4C5825B0525F}.Debug|Any CPU.ActiveCfg = Debug|Any CPU
		{8DC239C6-00E2-4E50-B799-4C5825B0525F}.Debug|Any CPU.Build.0 = Debug|Any CPU
		{8DC239C6-00E2-4E50-B799-4C5825B0525F}.Release|Any CPU.ActiveCfg = Release|Any CPU
		{8DC239C6-00E2-4E50-B799-4C5825B0525F}.Release|Any CPU.Build.0 = Release|Any CPU
	EndGlobalSection
	GlobalSection(SolutionProperties) = preSolution
		HideSolutionNode = FALSE
	EndGlobalSection
EndGlobal
