
Microsoft Visual Studio Solution File, Format Version 12.00
# Visual Studio Version 17
VisualStudioVersion = 17.13.35931.197 d17.13
MinimumVisualStudioVersion = 10.0.40219.1
Project("{FAE04EC0-301F-11D3-BF4B-00C04F79EFBC}") = "employeeproj", "employeeproj\employeeproj.csproj", "{0378B1BD-7BCF-4AC7-B2E8-DC7407614D31}"
EndProject
Global
	GlobalSection(SolutionConfigurationPlatforms) = preSolution
		Debug|Any CPU = Debug|Any CPU
		Release|Any CPU = Release|Any CPU
	EndGlobalSection
	GlobalSection(ProjectConfigurationPlatforms) = postSolution
		{0378B1BD-7BCF-4AC7-B2E8-DC7407614D31}.Debug|Any CPU.ActiveCfg = Debug|Any CPU
		{0378B1BD-7BCF-4AC7-B2E8-DC7407614D31}.Debug|Any CPU.Build.0 = Debug|Any CPU
		{0378B1BD-7BCF-4AC7-B2E8-DC7407614D31}.Release|Any CPU.ActiveCfg = Release|Any CPU
		{0378B1BD-7BCF-4AC7-B2E8-DC7407614D31}.Release|Any CPU.Build.0 = Release|Any CPU
	EndGlobalSection
	GlobalSection(SolutionProperties) = preSolution
		HideSolutionNode = FALSE
	EndGlobalSection
	GlobalSection(ExtensibilityGlobals) = postSolution
		SolutionGuid = {0006350C-0BB4-4756-93C5-BA3E0C89060D}
	EndGlobalSection
EndGlobal
