
Microsoft Visual Studio Solution File, Format Version 12.00
# Visual Studio Version 17
VisualStudioVersion = 17.12.35506.116 d17.12
MinimumVisualStudioVersion = 10.0.40219.1
Project("{FAE04EC0-301F-11D3-BF4B-00C04F79EFBC}") = "R61M9C11_ViewComponent", "R61M9C11_ViewComponent\R61M9C11_ViewComponent.csproj", "{9E847624-8C9D-4057-BF2D-5480802E2B47}"
EndProject
Project("{FAE04EC0-301F-11D3-BF4B-00C04F79EFBC}") = "R61M9C11_COREAPI", "R61M9C11_COREAPI\R61M9C11_COREAPI.csproj", "{7060BD59-B08F-4FBA-8C03-6CDF146D26E8}"
EndProject
Global
	GlobalSection(SolutionConfigurationPlatforms) = preSolution
		Debug|Any CPU = Debug|Any CPU
		Release|Any CPU = Release|Any CPU
	EndGlobalSection
	GlobalSection(ProjectConfigurationPlatforms) = postSolution
		{9E847624-8C9D-4057-BF2D-5480802E2B47}.Debug|Any CPU.ActiveCfg = Debug|Any CPU
		{9E847624-8C9D-4057-BF2D-5480802E2B47}.Debug|Any CPU.Build.0 = Debug|Any CPU
		{9E847624-8C9D-4057-BF2D-5480802E2B47}.Release|Any CPU.ActiveCfg = Release|Any CPU
		{9E847624-8C9D-4057-BF2D-5480802E2B47}.Release|Any CPU.Build.0 = Release|Any CPU
		{7060BD59-B08F-4FBA-8C03-6CDF146D26E8}.Debug|Any CPU.ActiveCfg = Debug|Any CPU
		{7060BD59-B08F-4FBA-8C03-6CDF146D26E8}.Debug|Any CPU.Build.0 = Debug|Any CPU
		{7060BD59-B08F-4FBA-8C03-6CDF146D26E8}.Release|Any CPU.ActiveCfg = Release|Any CPU
		{7060BD59-B08F-4FBA-8C03-6CDF146D26E8}.Release|Any CPU.Build.0 = Release|Any CPU
	EndGlobalSection
	GlobalSection(SolutionProperties) = preSolution
		HideSolutionNode = FALSE
	EndGlobalSection
EndGlobal
