
Microsoft Visual Studio Solution File, Format Version 12.00
# Visual Studio Version 17
VisualStudioVersion = 17.8.34330.188
MinimumVisualStudioVersion = 10.0.40219.1
Project("{FAE04EC0-301F-11D3-BF4B-00C04F79EFBC}") = "apicrud1", "apicrud1.csproj", "{4BED4E93-CD4D-4139-8DD6-227504A11760}"
EndProject
Project("{FAE04EC0-301F-11D3-BF4B-00C04F79EFBC}") = "apiconsume_Ajax", "..\apiconsume_Ajax\apiconsume_Ajax.csproj", "{2B6B1F62-E176-4A99-A477-4EB80AB26B2D}"
EndProject
Global
	GlobalSection(SolutionConfigurationPlatforms) = preSolution
		Debug|Any CPU = Debug|Any CPU
		Release|Any CPU = Release|Any CPU
	EndGlobalSection
	GlobalSection(ProjectConfigurationPlatforms) = postSolution
		{4BED4E93-CD4D-4139-8DD6-227504A11760}.Debug|Any CPU.ActiveCfg = Debug|Any CPU
		{4BED4E93-CD4D-4139-8DD6-227504A11760}.Debug|Any CPU.Build.0 = Debug|Any CPU
		{4BED4E93-CD4D-4139-8DD6-227504A11760}.Release|Any CPU.ActiveCfg = Release|Any CPU
		{4BED4E93-CD4D-4139-8DD6-227504A11760}.Release|Any CPU.Build.0 = Release|Any CPU
		{2B6B1F62-E176-4A99-A477-4EB80AB26B2D}.Debug|Any CPU.ActiveCfg = Debug|Any CPU
		{2B6B1F62-E176-4A99-A477-4EB80AB26B2D}.Debug|Any CPU.Build.0 = Debug|Any CPU
		{2B6B1F62-E176-4A99-A477-4EB80AB26B2D}.Release|Any CPU.ActiveCfg = Release|Any CPU
		{2B6B1F62-E176-4A99-A477-4EB80AB26B2D}.Release|Any CPU.Build.0 = Release|Any CPU
	EndGlobalSection
	GlobalSection(SolutionProperties) = preSolution
		HideSolutionNode = FALSE
	EndGlobalSection
	GlobalSection(ExtensibilityGlobals) = postSolution
		SolutionGuid = {550AD298-BD6C-44B2-AFDF-26F42381B9BE}
	EndGlobalSection
EndGlobal
