
Microsoft Visual Studio Solution File, Format Version 12.00
# Visual Studio Version 17
VisualStudioVersion = 17.11.35219.272
MinimumVisualStudioVersion = 10.0.40219.1
Project("{FAE04EC0-301F-11D3-BF4B-00C04F79EFBC}") = "CaseMasterDetails_APICore_consume", "CaseMasterDetails_APICore_consume\CaseMasterDetails_APICore_consume.csproj", "{BBC0B1F7-D6D6-4269-9527-832BB42A44AF}"
EndProject
Project("{FAE04EC0-301F-11D3-BF4B-00C04F79EFBC}") = "MVCClient", "MVCClient\MVCClient.csproj", "{62A20305-97EC-4C59-B6C3-C63CCB338F16}"
EndProject
Global
	GlobalSection(SolutionConfigurationPlatforms) = preSolution
		Debug|Any CPU = Debug|Any CPU
		Release|Any CPU = Release|Any CPU
	EndGlobalSection
	GlobalSection(ProjectConfigurationPlatforms) = postSolution
		{BBC0B1F7-D6D6-4269-9527-832BB42A44AF}.Debug|Any CPU.ActiveCfg = Debug|Any CPU
		{BBC0B1F7-D6D6-4269-9527-832BB42A44AF}.Debug|Any CPU.Build.0 = Debug|Any CPU
		{BBC0B1F7-D6D6-4269-9527-832BB42A44AF}.Release|Any CPU.ActiveCfg = Release|Any CPU
		{BBC0B1F7-D6D6-4269-9527-832BB42A44AF}.Release|Any CPU.Build.0 = Release|Any CPU
		{62A20305-97EC-4C59-B6C3-C63CCB338F16}.Debug|Any CPU.ActiveCfg = Debug|Any CPU
		{62A20305-97EC-4C59-B6C3-C63CCB338F16}.Debug|Any CPU.Build.0 = Debug|Any CPU
		{62A20305-97EC-4C59-B6C3-C63CCB338F16}.Release|Any CPU.ActiveCfg = Release|Any CPU
		{62A20305-97EC-4C59-B6C3-C63CCB338F16}.Release|Any CPU.Build.0 = Release|Any CPU
	EndGlobalSection
	GlobalSection(SolutionProperties) = preSolution
		HideSolutionNode = FALSE
	EndGlobalSection
	GlobalSection(ExtensibilityGlobals) = postSolution
		SolutionGuid = {D354D301-A6D4-4458-A509-68B4EBD9F043}
	EndGlobalSection
EndGlobal
