
Microsoft Visual Studio Solution File, Format Version 12.00
# Visual Studio Version 17
VisualStudioVersion = 17.13.35931.197 d17.13
MinimumVisualStudioVersion = 10.0.40219.1
Project("{FAE04EC0-301F-11D3-BF4B-00C04F79EFBC}") = "employeemaui", "employeemaui\employeemaui.csproj", "{DC552944-9301-4994-9D1F-1EF4CCC4EDC7}"
EndProject
Global
	GlobalSection(SolutionConfigurationPlatforms) = preSolution
		Debug|Any CPU = Debug|Any CPU
		Release|Any CPU = Release|Any CPU
	EndGlobalSection
	GlobalSection(ProjectConfigurationPlatforms) = postSolution
		{DC552944-9301-4994-9D1F-1EF4CCC4EDC7}.Debug|Any CPU.ActiveCfg = Debug|Any CPU
		{DC552944-9301-4994-9D1F-1EF4CCC4EDC7}.Debug|Any CPU.Build.0 = Debug|Any CPU
		{DC552944-9301-4994-9D1F-1EF4CCC4EDC7}.Debug|Any CPU.Deploy.0 = Debug|Any CPU
		{DC552944-9301-4994-9D1F-1EF4CCC4EDC7}.Release|Any CPU.ActiveCfg = Release|Any CPU
		{DC552944-9301-4994-9D1F-1EF4CCC4EDC7}.Release|Any CPU.Build.0 = Release|Any CPU
		{DC552944-9301-4994-9D1F-1EF4CCC4EDC7}.Release|Any CPU.Deploy.0 = Release|Any CPU
	EndGlobalSection
	GlobalSection(SolutionProperties) = preSolution
		HideSolutionNode = FALSE
	EndGlobalSection
	GlobalSection(ExtensibilityGlobals) = postSolution
		SolutionGuid = {7EDBC396-3232-4B7B-B7AB-687EFF17392B}
	EndGlobalSection
EndGlobal
