
Microsoft Visual Studio Solution File, Format Version 12.00
# Visual Studio Version 17
VisualStudioVersion = 17.11.35219.272
MinimumVisualStudioVersion = 10.0.40219.1
Project("{FAE04EC0-301F-11D3-BF4B-00C04F79EFBC}") = "MasterDetailJQuery", "MasterDetailJQuery\MasterDetailJQuery.csproj", "{8D0AFA47-D275-43D3-9381-F8D9E01BEDCC}"
EndProject
Global
	GlobalSection(SolutionConfigurationPlatforms) = preSolution
		Debug|Any CPU = Debug|Any CPU
		Release|Any CPU = Release|Any CPU
	EndGlobalSection
	GlobalSection(ProjectConfigurationPlatforms) = postSolution
		{8D0AFA47-D275-43D3-9381-F8D9E01BEDCC}.Debug|Any CPU.ActiveCfg = Debug|Any CPU
		{8D0AFA47-D275-43D3-9381-F8D9E01BEDCC}.Debug|Any CPU.Build.0 = Debug|Any CPU
		{8D0AFA47-D275-43D3-9381-F8D9E01BEDCC}.Release|Any CPU.ActiveCfg = Release|Any CPU
		{8D0AFA47-D275-43D3-9381-F8D9E01BEDCC}.Release|Any CPU.Build.0 = Release|Any CPU
	EndGlobalSection
	GlobalSection(SolutionProperties) = preSolution
		HideSolutionNode = FALSE
	EndGlobalSection
	GlobalSection(ExtensibilityGlobals) = postSolution
		SolutionGuid = {39F97289-95F6-438C-8736-5A7792A40491}
	EndGlobalSection
EndGlobal
