
Microsoft Visual Studio Solution File, Format Version 12.00
# Visual Studio Version 17
VisualStudioVersion = 17.13.35825.156 d17.13
MinimumVisualStudioVersion = 10.0.40219.1
Project("{FAE04EC0-301F-11D3-BF4B-00C04F79EFBC}") = "Maui", "Maui\Maui.csproj", "{B3DB4693-AFAA-43EF-A4B5-6FFC113230FB}"
EndProject
Global
	GlobalSection(SolutionConfigurationPlatforms) = preSolution
		Debug|Any CPU = Debug|Any CPU
		Release|Any CPU = Release|Any CPU
	EndGlobalSection
	GlobalSection(ProjectConfigurationPlatforms) = postSolution
		{B3DB4693-AFAA-43EF-A4B5-6FFC113230FB}.Debug|Any CPU.ActiveCfg = Debug|Any CPU
		{B3DB4693-AFAA-43EF-A4B5-6FFC113230FB}.Debug|Any CPU.Build.0 = Debug|Any CPU
		{B3DB4693-AFAA-43EF-A4B5-6FFC113230FB}.Release|Any CPU.ActiveCfg = Release|Any CPU
		{B3DB4693-AFAA-43EF-A4B5-6FFC113230FB}.Release|Any CPU.Build.0 = Release|Any CPU
	EndGlobalSection
	GlobalSection(SolutionProperties) = preSolution
		HideSolutionNode = FALSE
	EndGlobalSection
	GlobalSection(ExtensibilityGlobals) = postSolution
		SolutionGuid = {A7A5AE97-A116-444B-87A6-57BFF93B445D}
	EndGlobalSection
EndGlobal
