
Microsoft Visual Studio Solution File, Format Version 12.00
# Visual Studio Version 17
VisualStudioVersion = 17.13.35825.156 d17.13
MinimumVisualStudioVersion = 10.0.40219.1
Project("{FAE04EC0-301F-11D3-BF4B-00C04F79EFBC}") = "Api", "Api\Api.csproj", "{16ED8313-A634-4618-A67C-5BC79375759F}"
EndProject
Global
	GlobalSection(SolutionConfigurationPlatforms) = preSolution
		Debug|Any CPU = Debug|Any CPU
		Release|Any CPU = Release|Any CPU
	EndGlobalSection
	GlobalSection(ProjectConfigurationPlatforms) = postSolution
		{16ED8313-A634-4618-A67C-5BC79375759F}.Debug|Any CPU.ActiveCfg = Debug|Any CPU
		{16ED8313-A634-4618-A67C-5BC79375759F}.Debug|Any CPU.Build.0 = Debug|Any CPU
		{16ED8313-A634-4618-A67C-5BC79375759F}.Release|Any CPU.ActiveCfg = Release|Any CPU
		{16ED8313-A634-4618-A67C-5BC79375759F}.Release|Any CPU.Build.0 = Release|Any CPU
	EndGlobalSection
	GlobalSection(SolutionProperties) = preSolution
		HideSolutionNode = FALSE
	EndGlobalSection
	GlobalSection(ExtensibilityGlobals) = postSolution
		SolutionGuid = {33D58A35-A2C8-43FD-A0D7-DACC50CE710F}
	EndGlobalSection
EndGlobal
